
Microsoft Visual Studio Solution File, Format Version 12.00
# Visual Studio 2012
Project("{FAE04EC0-301F-11D3-BF4B-00C04F79EFBC}") = "Silas.API", "Silas.API\Silas.API.csproj", "{82C72DEB-1D61-4241-9881-72E4182D313C}"
EndProject
Project("{FAE04EC0-301F-11D3-BF4B-00C04F79EFBC}") = "Silas.Forecast", "Silas.Forecast\Silas.Forecast.csproj", "{541B9E7F-1E5A-4D10-8781-6DE018819140}"
EndProject
Project("{FAE04EC0-301F-11D3-BF4B-00C04F79EFBC}") = "Silas.DataFeed", "Silas.DataFeed\Silas.DataFeed.csproj", "{0B0427DE-5FE1-44EA-AA90-4725AB4B510C}"
EndProject
Project("{FAE04EC0-301F-11D3-BF4B-00C04F79EFBC}") = "Silas.Web", "Silas.Web\Silas.Web.csproj", "{047FE9BC-03C2-4F8C-B938-5EEE318FB053}"
EndProject
Project("{2150E333-8FDC-42A3-9474-1A3956D46DE8}") = ".nuget", ".nuget", "{5289B7AF-536C-44D6-9CB3-49556C452ED0}"
	ProjectSection(SolutionItems) = preProject
		.nuget\NuGet.Config = .nuget\NuGet.Config
		.nuget\NuGet.exe = .nuget\NuGet.exe
		.nuget\NuGet.targets = .nuget\NuGet.targets
	EndProjectSection
EndProject
Global
	GlobalSection(SolutionConfigurationPlatforms) = preSolution
		Debug|Any CPU = Debug|Any CPU
		Release|Any CPU = Release|Any CPU
	EndGlobalSection
	GlobalSection(ProjectConfigurationPlatforms) = postSolution
		{82C72DEB-1D61-4241-9881-72E4182D313C}.Debug|Any CPU.ActiveCfg = Debug|Any CPU
		{82C72DEB-1D61-4241-9881-72E4182D313C}.Debug|Any CPU.Build.0 = Debug|Any CPU
		{82C72DEB-1D61-4241-9881-72E4182D313C}.Release|Any CPU.ActiveCfg = Release|Any CPU
		{82C72DEB-1D61-4241-9881-72E4182D313C}.Release|Any CPU.Build.0 = Release|Any CPU
		{541B9E7F-1E5A-4D10-8781-6DE018819140}.Debug|Any CPU.ActiveCfg = Debug|Any CPU
		{541B9E7F-1E5A-4D10-8781-6DE018819140}.Debug|Any CPU.Build.0 = Debug|Any CPU
		{541B9E7F-1E5A-4D10-8781-6DE018819140}.Release|Any CPU.ActiveCfg = Release|Any CPU
		{541B9E7F-1E5A-4D10-8781-6DE018819140}.Release|Any CPU.Build.0 = Release|Any CPU
		{0B0427DE-5FE1-44EA-AA90-4725AB4B510C}.Debug|Any CPU.ActiveCfg = Debug|Any CPU
		{0B0427DE-5FE1-44EA-AA90-4725AB4B510C}.Debug|Any CPU.Build.0 = Debug|Any CPU
		{0B0427DE-5FE1-44EA-AA90-4725AB4B510C}.Release|Any CPU.ActiveCfg = Release|Any CPU
		{0B0427DE-5FE1-44EA-AA90-4725AB4B510C}.Release|Any CPU.Build.0 = Release|Any CPU
		{047FE9BC-03C2-4F8C-B938-5EEE318FB053}.Debug|Any CPU.ActiveCfg = Debug|Any CPU
		{047FE9BC-03C2-4F8C-B938-5EEE318FB053}.Debug|Any CPU.Build.0 = Debug|Any CPU
		{047FE9BC-03C2-4F8C-B938-5EEE318FB053}.Release|Any CPU.ActiveCfg = Release|Any CPU
		{047FE9BC-03C2-4F8C-B938-5EEE318FB053}.Release|Any CPU.Build.0 = Release|Any CPU
	EndGlobalSection
	GlobalSection(SolutionProperties) = preSolution
		HideSolutionNode = FALSE
	EndGlobalSection
EndGlobal
