
Microsoft Visual Studio Solution File, Format Version 12.00
# Visual Studio 2012
Project("{FAE04EC0-301F-11D3-BF4B-00C04F79EFBC}") = "Silas.Forecast", "Silas.Forecast\Silas.Forecast.csproj", "{541B9E7F-1E5A-4D10-8781-6DE018819140}"
EndProject
Project("{FAE04EC0-301F-11D3-BF4B-00C04F79EFBC}") = "Silas.Client", "Silas.Client\Silas.Client.csproj", "{0B0427DE-5FE1-44EA-AA90-4725AB4B510C}"
EndProject
Project("{2150E333-8FDC-42A3-9474-1A3956D46DE8}") = ".nuget", ".nuget", "{5289B7AF-536C-44D6-9CB3-49556C452ED0}"
	ProjectSection(SolutionItems) = preProject
		.nuget\NuGet.Config = .nuget\NuGet.Config
		.nuget\NuGet.exe = .nuget\NuGet.exe
		.nuget\NuGet.targets = .nuget\NuGet.targets
	EndProjectSection
EndProject
Project("{FAE04EC0-301F-11D3-BF4B-00C04F79EFBC}") = "Silas.Server", "Silas.Server\Silas.Server.csproj", "{FE4AB3A7-98AA-4D8C-A227-4140C88C816A}"
EndProject
Project("{2150E333-8FDC-42A3-9474-1A3956D46DE8}") = "Solution Items", "Solution Items", "{60FEA93C-5EE1-4316-B612-B72590E13A2B}"
	ProjectSection(SolutionItems) = preProject
		Data\FeedData.csv = Data\FeedData.csv
		README.md = README.md
	EndProjectSection
EndProject
Project("{FAE04EC0-301F-11D3-BF4B-00C04F79EFBC}") = "Silas.Forecast.Test", "Silas.Forecast.Test\Silas.Forecast.Test.csproj", "{F514CB95-1BEB-4B96-A06C-17975580DC5E}"
EndProject
Global
	GlobalSection(SolutionConfigurationPlatforms) = preSolution
		Debug|Any CPU = Debug|Any CPU
		Release|Any CPU = Release|Any CPU
	EndGlobalSection
	GlobalSection(ProjectConfigurationPlatforms) = postSolution
		{541B9E7F-1E5A-4D10-8781-6DE018819140}.Debug|Any CPU.ActiveCfg = Debug|Any CPU
		{541B9E7F-1E5A-4D10-8781-6DE018819140}.Debug|Any CPU.Build.0 = Debug|Any CPU
		{541B9E7F-1E5A-4D10-8781-6DE018819140}.Release|Any CPU.ActiveCfg = Release|Any CPU
		{541B9E7F-1E5A-4D10-8781-6DE018819140}.Release|Any CPU.Build.0 = Release|Any CPU
		{0B0427DE-5FE1-44EA-AA90-4725AB4B510C}.Debug|Any CPU.ActiveCfg = Debug|Any CPU
		{0B0427DE-5FE1-44EA-AA90-4725AB4B510C}.Debug|Any CPU.Build.0 = Debug|Any CPU
		{0B0427DE-5FE1-44EA-AA90-4725AB4B510C}.Release|Any CPU.ActiveCfg = Release|Any CPU
		{0B0427DE-5FE1-44EA-AA90-4725AB4B510C}.Release|Any CPU.Build.0 = Release|Any CPU
		{FE4AB3A7-98AA-4D8C-A227-4140C88C816A}.Debug|Any CPU.ActiveCfg = Debug|Any CPU
		{FE4AB3A7-98AA-4D8C-A227-4140C88C816A}.Debug|Any CPU.Build.0 = Debug|Any CPU
		{FE4AB3A7-98AA-4D8C-A227-4140C88C816A}.Release|Any CPU.ActiveCfg = Release|Any CPU
		{FE4AB3A7-98AA-4D8C-A227-4140C88C816A}.Release|Any CPU.Build.0 = Release|Any CPU
		{F514CB95-1BEB-4B96-A06C-17975580DC5E}.Debug|Any CPU.ActiveCfg = Debug|Any CPU
		{F514CB95-1BEB-4B96-A06C-17975580DC5E}.Debug|Any CPU.Build.0 = Debug|Any CPU
		{F514CB95-1BEB-4B96-A06C-17975580DC5E}.Release|Any CPU.ActiveCfg = Release|Any CPU
		{F514CB95-1BEB-4B96-A06C-17975580DC5E}.Release|Any CPU.Build.0 = Release|Any CPU
	EndGlobalSection
	GlobalSection(SolutionProperties) = preSolution
		HideSolutionNode = FALSE
	EndGlobalSection
EndGlobal
